// !$*UTF8*$!
{
	archiveVersion = 1;
	classes = {
	};
	objectVersion = 46;
	objects = {

/* Begin PBXBuildFile section */
		61785C171AB8DD180027C2EB /* DropDownSection.swift in Sources */ = {isa = PBXBuildFile; fileRef = 61785C161AB8DD180027C2EB /* DropDownSection.swift */; };
		61785C191AB8DD2E0027C2EB /* DropDownRow.swift in Sources */ = {isa = PBXBuildFile; fileRef = 61785C181AB8DD2E0027C2EB /* DropDownRow.swift */; };
		61785C1B1AB8E26B0027C2EB /* DropDownTableViewCell.swift in Sources */ = {isa = PBXBuildFile; fileRef = 61785C1A1AB8E26B0027C2EB /* DropDownTableViewCell.swift */; };
		61785C1F1AB9F17D0027C2EB /* DropDownThumbNailDue.swift in Sources */ = {isa = PBXBuildFile; fileRef = 61785C1E1AB9F17D0027C2EB /* DropDownThumbNailDue.swift */; };
		61785C211AB9F18D0027C2EB /* DropDownThumbNailCompleted.swift in Sources */ = {isa = PBXBuildFile; fileRef = 61785C201AB9F18D0027C2EB /* DropDownThumbNailCompleted.swift */; };
		61785C231AB9F1A10027C2EB /* DropDownThumbNailIncomplete.swift in Sources */ = {isa = PBXBuildFile; fileRef = 61785C221AB9F1A10027C2EB /* DropDownThumbNailIncomplete.swift */; };
		61785C251AB9F1B80027C2EB /* DropDownThumbNailOverdue.swift in Sources */ = {isa = PBXBuildFile; fileRef = 61785C241AB9F1B80027C2EB /* DropDownThumbNailOverdue.swift */; };
		61785C271AB9F9B90027C2EB /* DropDownThumbNail.swift in Sources */ = {isa = PBXBuildFile; fileRef = 61785C261AB9F9B90027C2EB /* DropDownThumbNail.swift */; };
		618D29001AB8CCE0002F74CD /* AppDelegate.swift in Sources */ = {isa = PBXBuildFile; fileRef = 618D28FF1AB8CCE0002F74CD /* AppDelegate.swift */; };
		618D29021AB8CCE0002F74CD /* ViewController.swift in Sources */ = {isa = PBXBuildFile; fileRef = 618D29011AB8CCE0002F74CD /* ViewController.swift */; };
		618D29051AB8CCE0002F74CD /* Main.storyboard in Resources */ = {isa = PBXBuildFile; fileRef = 618D29031AB8CCE0002F74CD /* Main.storyboard */; };
		618D29071AB8CCE0002F74CD /* Images.xcassets in Resources */ = {isa = PBXBuildFile; fileRef = 618D29061AB8CCE0002F74CD /* Images.xcassets */; };
		618D290A1AB8CCE0002F74CD /* LaunchScreen.xib in Resources */ = {isa = PBXBuildFile; fileRef = 618D29081AB8CCE0002F74CD /* LaunchScreen.xib */; };
		618D29161AB8CCE0002F74CD /* DropDownTableViewTests.swift in Sources */ = {isa = PBXBuildFile; fileRef = 618D29151AB8CCE0002F74CD /* DropDownTableViewTests.swift */; };
/* End PBXBuildFile section */

/* Begin PBXContainerItemProxy section */
		618D29101AB8CCE0002F74CD /* PBXContainerItemProxy */ = {
			isa = PBXContainerItemProxy;
			containerPortal = 618D28F21AB8CCE0002F74CD /* Project object */;
			proxyType = 1;
			remoteGlobalIDString = 618D28F91AB8CCE0002F74CD;
			remoteInfo = DropDownTableView;
		};
/* End PBXContainerItemProxy section */

/* Begin PBXFileReference section */
		61785C161AB8DD180027C2EB /* DropDownSection.swift */ = {isa = PBXFileReference; fileEncoding = 4; lastKnownFileType = sourcecode.swift; path = DropDownSection.swift; sourceTree = "<group>"; };
		61785C181AB8DD2E0027C2EB /* DropDownRow.swift */ = {isa = PBXFileReference; fileEncoding = 4; lastKnownFileType = sourcecode.swift; path = DropDownRow.swift; sourceTree = "<group>"; };
		61785C1A1AB8E26B0027C2EB /* DropDownTableViewCell.swift */ = {isa = PBXFileReference; fileEncoding = 4; lastKnownFileType = sourcecode.swift; path = DropDownTableViewCell.swift; sourceTree = "<group>"; };
		61785C1E1AB9F17D0027C2EB /* DropDownThumbNailDue.swift */ = {isa = PBXFileReference; fileEncoding = 4; lastKnownFileType = sourcecode.swift; path = DropDownThumbNailDue.swift; sourceTree = "<group>"; };
		61785C201AB9F18D0027C2EB /* DropDownThumbNailCompleted.swift */ = {isa = PBXFileReference; fileEncoding = 4; lastKnownFileType = sourcecode.swift; path = DropDownThumbNailCompleted.swift; sourceTree = "<group>"; };
		61785C221AB9F1A10027C2EB /* DropDownThumbNailIncomplete.swift */ = {isa = PBXFileReference; fileEncoding = 4; lastKnownFileType = sourcecode.swift; path = DropDownThumbNailIncomplete.swift; sourceTree = "<group>"; };
		61785C241AB9F1B80027C2EB /* DropDownThumbNailOverdue.swift */ = {isa = PBXFileReference; fileEncoding = 4; lastKnownFileType = sourcecode.swift; path = DropDownThumbNailOverdue.swift; sourceTree = "<group>"; };
		61785C261AB9F9B90027C2EB /* DropDownThumbNail.swift */ = {isa = PBXFileReference; fileEncoding = 4; lastKnownFileType = sourcecode.swift; path = DropDownThumbNail.swift; sourceTree = "<group>"; };
		618D28FA1AB8CCE0002F74CD /* DropDownTableView.app */ = {isa = PBXFileReference; explicitFileType = wrapper.application; includeInIndex = 0; path = DropDownTableView.app; sourceTree = BUILT_PRODUCTS_DIR; };
		618D28FE1AB8CCE0002F74CD /* Info.plist */ = {isa = PBXFileReference; lastKnownFileType = text.plist.xml; path = Info.plist; sourceTree = "<group>"; };
		618D28FF1AB8CCE0002F74CD /* AppDelegate.swift */ = {isa = PBXFileReference; lastKnownFileType = sourcecode.swift; path = AppDelegate.swift; sourceTree = "<group>"; };
		618D29011AB8CCE0002F74CD /* ViewController.swift */ = {isa = PBXFileReference; lastKnownFileType = sourcecode.swift; path = ViewController.swift; sourceTree = "<group>"; };
		618D29041AB8CCE0002F74CD /* Base */ = {isa = PBXFileReference; lastKnownFileType = file.storyboard; name = Base; path = Base.lproj/Main.storyboard; sourceTree = "<group>"; };
		618D29061AB8CCE0002F74CD /* Images.xcassets */ = {isa = PBXFileReference; lastKnownFileType = folder.assetcatalog; path = Images.xcassets; sourceTree = "<group>"; };
		618D29091AB8CCE0002F74CD /* Base */ = {isa = PBXFileReference; lastKnownFileType = file.xib; name = Base; path = Base.lproj/LaunchScreen.xib; sourceTree = "<group>"; };
		618D290F1AB8CCE0002F74CD /* DropDownTableViewTests.xctest */ = {isa = PBXFileReference; explicitFileType = wrapper.cfbundle; includeInIndex = 0; path = DropDownTableViewTests.xctest; sourceTree = BUILT_PRODUCTS_DIR; };
		618D29141AB8CCE0002F74CD /* Info.plist */ = {isa = PBXFileReference; lastKnownFileType = text.plist.xml; path = Info.plist; sourceTree = "<group>"; };
		618D29151AB8CCE0002F74CD /* DropDownTableViewTests.swift */ = {isa = PBXFileReference; lastKnownFileType = sourcecode.swift; path = DropDownTableViewTests.swift; sourceTree = "<group>"; };
/* End PBXFileReference section */

/* Begin PBXFrameworksBuildPhase section */
		618D28F71AB8CCE0002F74CD /* Frameworks */ = {
			isa = PBXFrameworksBuildPhase;
			buildActionMask = 2147483647;
			files = (
			);
			runOnlyForDeploymentPostprocessing = 0;
		};
		618D290C1AB8CCE0002F74CD /* Frameworks */ = {
			isa = PBXFrameworksBuildPhase;
			buildActionMask = 2147483647;
			files = (
			);
			runOnlyForDeploymentPostprocessing = 0;
		};
/* End PBXFrameworksBuildPhase section */

/* Begin PBXGroup section */
		618D28F11AB8CCE0002F74CD = {
			isa = PBXGroup;
			children = (
				618D28FC1AB8CCE0002F74CD /* DropDownTableView */,
				618D29121AB8CCE0002F74CD /* DropDownTableViewTests */,
				618D28FB1AB8CCE0002F74CD /* Products */,
			);
			sourceTree = "<group>";
		};
		618D28FB1AB8CCE0002F74CD /* Products */ = {
			isa = PBXGroup;
			children = (
				618D28FA1AB8CCE0002F74CD /* DropDownTableView.app */,
				618D290F1AB8CCE0002F74CD /* DropDownTableViewTests.xctest */,
			);
			name = Products;
			sourceTree = "<group>";
		};
		618D28FC1AB8CCE0002F74CD /* DropDownTableView */ = {
			isa = PBXGroup;
			children = (
				618D28FF1AB8CCE0002F74CD /* AppDelegate.swift */,
				618D29011AB8CCE0002F74CD /* ViewController.swift */,
				61785C161AB8DD180027C2EB /* DropDownSection.swift */,
				61785C181AB8DD2E0027C2EB /* DropDownRow.swift */,
				61785C1A1AB8E26B0027C2EB /* DropDownTableViewCell.swift */,
				61785C261AB9F9B90027C2EB /* DropDownThumbNail.swift */,
				61785C1E1AB9F17D0027C2EB /* DropDownThumbNailDue.swift */,
				61785C201AB9F18D0027C2EB /* DropDownThumbNailCompleted.swift */,
				61785C221AB9F1A10027C2EB /* DropDownThumbNailIncomplete.swift */,
				61785C241AB9F1B80027C2EB /* DropDownThumbNailOverdue.swift */,
				618D29081AB8CCE0002F74CD /* LaunchScreen.xib */,
				618D29031AB8CCE0002F74CD /* Main.storyboard */,
				618D29061AB8CCE0002F74CD /* Images.xcassets */,
				618D28FD1AB8CCE0002F74CD /* Supporting Files */,
			);
			path = DropDownTableView;
			sourceTree = "<group>";
		};
		618D28FD1AB8CCE0002F74CD /* Supporting Files */ = {
			isa = PBXGroup;
			children = (
				618D28FE1AB8CCE0002F74CD /* Info.plist */,
			);
			name = "Supporting Files";
			sourceTree = "<group>";
		};
		618D29121AB8CCE0002F74CD /* DropDownTableViewTests */ = {
			isa = PBXGroup;
			children = (
				618D29151AB8CCE0002F74CD /* DropDownTableViewTests.swift */,
				618D29131AB8CCE0002F74CD /* Supporting Files */,
			);
			path = DropDownTableViewTests;
			sourceTree = "<group>";
		};
		618D29131AB8CCE0002F74CD /* Supporting Files */ = {
			isa = PBXGroup;
			children = (
				618D29141AB8CCE0002F74CD /* Info.plist */,
			);
			name = "Supporting Files";
			sourceTree = "<group>";
		};
/* End PBXGroup section */

/* Begin PBXNativeTarget section */
		618D28F91AB8CCE0002F74CD /* DropDownTableView */ = {
			isa = PBXNativeTarget;
			buildConfigurationList = 618D29191AB8CCE0002F74CD /* Build configuration list for PBXNativeTarget "DropDownTableView" */;
			buildPhases = (
				618D28F61AB8CCE0002F74CD /* Sources */,
				618D28F71AB8CCE0002F74CD /* Frameworks */,
				618D28F81AB8CCE0002F74CD /* Resources */,
			);
			buildRules = (
			);
			dependencies = (
			);
			name = DropDownTableView;
			productName = DropDownTableView;
			productReference = 618D28FA1AB8CCE0002F74CD /* DropDownTableView.app */;
			productType = "com.apple.product-type.application";
		};
		618D290E1AB8CCE0002F74CD /* DropDownTableViewTests */ = {
			isa = PBXNativeTarget;
			buildConfigurationList = 618D291C1AB8CCE0002F74CD /* Build configuration list for PBXNativeTarget "DropDownTableViewTests" */;
			buildPhases = (
				618D290B1AB8CCE0002F74CD /* Sources */,
				618D290C1AB8CCE0002F74CD /* Frameworks */,
				618D290D1AB8CCE0002F74CD /* Resources */,
			);
			buildRules = (
			);
			dependencies = (
				618D29111AB8CCE0002F74CD /* PBXTargetDependency */,
			);
			name = DropDownTableViewTests;
			productName = DropDownTableViewTests;
			productReference = 618D290F1AB8CCE0002F74CD /* DropDownTableViewTests.xctest */;
			productType = "com.apple.product-type.bundle.unit-test";
		};
/* End PBXNativeTarget section */

/* Begin PBXProject section */
		618D28F21AB8CCE0002F74CD /* Project object */ = {
			isa = PBXProject;
			attributes = {
				LastUpgradeCheck = 0610;
				ORGANIZATIONNAME = Intrahealth;
				TargetAttributes = {
					618D28F91AB8CCE0002F74CD = {
						CreatedOnToolsVersion = 6.1;
					};
					618D290E1AB8CCE0002F74CD = {
						CreatedOnToolsVersion = 6.1;
						TestTargetID = 618D28F91AB8CCE0002F74CD;
					};
				};
			};
			buildConfigurationList = 618D28F51AB8CCE0002F74CD /* Build configuration list for PBXProject "DropDownTableView" */;
			compatibilityVersion = "Xcode 3.2";
			developmentRegion = English;
			hasScannedForEncodings = 0;
			knownRegions = (
				en,
				Base,
			);
			mainGroup = 618D28F11AB8CCE0002F74CD;
			productRefGroup = 618D28FB1AB8CCE0002F74CD /* Products */;
			projectDirPath = "";
			projectRoot = "";
			targets = (
				618D28F91AB8CCE0002F74CD /* DropDownTableView */,
				618D290E1AB8CCE0002F74CD /* DropDownTableViewTests */,
			);
		};
/* End PBXProject section */

/* Begin PBXResourcesBuildPhase section */
		618D28F81AB8CCE0002F74CD /* Resources */ = {
			isa = PBXResourcesBuildPhase;
			buildActionMask = 2147483647;
			files = (
				618D29051AB8CCE0002F74CD /* Main.storyboard in Resources */,
				618D290A1AB8CCE0002F74CD /* LaunchScreen.xib in Resources */,
				618D29071AB8CCE0002F74CD /* Images.xcassets in Resources */,
			);
			runOnlyForDeploymentPostprocessing = 0;
		};
		618D290D1AB8CCE0002F74CD /* Resources */ = {
			isa = PBXResourcesBuildPhase;
			buildActionMask = 2147483647;
			files = (
			);
			runOnlyForDeploymentPostprocessing = 0;
		};
/* End PBXResourcesBuildPhase section */

/* Begin PBXSourcesBuildPhase section */
		618D28F61AB8CCE0002F74CD /* Sources */ = {
			isa = PBXSourcesBuildPhase;
			buildActionMask = 2147483647;
			files = (
				61785C171AB8DD180027C2EB /* DropDownSection.swift in Sources */,
				61785C1B1AB8E26B0027C2EB /* DropDownTableViewCell.swift in Sources */,
				61785C251AB9F1B80027C2EB /* DropDownThumbNailOverdue.swift in Sources */,
				61785C211AB9F18D0027C2EB /* DropDownThumbNailCompleted.swift in Sources */,
				61785C231AB9F1A10027C2EB /* DropDownThumbNailIncomplete.swift in Sources */,
				61785C271AB9F9B90027C2EB /* DropDownThumbNail.swift in Sources */,
				61785C1F1AB9F17D0027C2EB /* DropDownThumbNailDue.swift in Sources */,
				61785C191AB8DD2E0027C2EB /* DropDownRow.swift in Sources */,
				618D29021AB8CCE0002F74CD /* ViewController.swift in Sources */,
				618D29001AB8CCE0002F74CD /* AppDelegate.swift in Sources */,
			);
			runOnlyForDeploymentPostprocessing = 0;
		};
		618D290B1AB8CCE0002F74CD /* Sources */ = {
			isa = PBXSourcesBuildPhase;
			buildActionMask = 2147483647;
			files = (
				618D29161AB8CCE0002F74CD /* DropDownTableViewTests.swift in Sources */,
			);
			runOnlyForDeploymentPostprocessing = 0;
		};
/* End PBXSourcesBuildPhase section */

/* Begin PBXTargetDependency section */
		618D29111AB8CCE0002F74CD /* PBXTargetDependency */ = {
			isa = PBXTargetDependency;
			target = 618D28F91AB8CCE0002F74CD /* DropDownTableView */;
			targetProxy = 618D29101AB8CCE0002F74CD /* PBXContainerItemProxy */;
		};
/* End PBXTargetDependency section */

/* Begin PBXVariantGroup section */
		618D29031AB8CCE0002F74CD /* Main.storyboard */ = {
			isa = PBXVariantGroup;
			children = (
				618D29041AB8CCE0002F74CD /* Base */,
			);
			name = Main.storyboard;
			sourceTree = "<group>";
		};
		618D29081AB8CCE0002F74CD /* LaunchScreen.xib */ = {
			isa = PBXVariantGroup;
			children = (
				618D29091AB8CCE0002F74CD /* Base */,
			);
			name = LaunchScreen.xib;
			sourceTree = "<group>";
		};
/* End PBXVariantGroup section */

/* Begin XCBuildConfiguration section */
		618D29171AB8CCE0002F74CD /* Debug */ = {
			isa = XCBuildConfiguration;
			buildSettings = {
				ALWAYS_SEARCH_USER_PATHS = NO;
				CLANG_CXX_LANGUAGE_STANDARD = "gnu++0x";
				CLANG_CXX_LIBRARY = "libc++";
				CLANG_ENABLE_MODULES = YES;
				CLANG_ENABLE_OBJC_ARC = YES;
				CLANG_WARN_BOOL_CONVERSION = YES;
				CLANG_WARN_CONSTANT_CONVERSION = YES;
				CLANG_WARN_DIRECT_OBJC_ISA_USAGE = YES_ERROR;
				CLANG_WARN_EMPTY_BODY = YES;
				CLANG_WARN_ENUM_CONVERSION = YES;
				CLANG_WARN_INT_CONVERSION = YES;
				CLANG_WARN_OBJC_ROOT_CLASS = YES_ERROR;
				CLANG_WARN_UNREACHABLE_CODE = YES;
				CLANG_WARN__DUPLICATE_METHOD_MATCH = YES;
				"CODE_SIGN_IDENTITY[sdk=iphoneos*]" = "iPhone Developer";
				COPY_PHASE_STRIP = NO;
				ENABLE_STRICT_OBJC_MSGSEND = YES;
				GCC_C_LANGUAGE_STANDARD = gnu99;
				GCC_DYNAMIC_NO_PIC = NO;
				GCC_OPTIMIZATION_LEVEL = 0;
				GCC_PREPROCESSOR_DEFINITIONS = (
					"DEBUG=1",
					"$(inherited)",
				);
				GCC_SYMBOLS_PRIVATE_EXTERN = NO;
				GCC_WARN_64_TO_32_BIT_CONVERSION = YES;
				GCC_WARN_ABOUT_RETURN_TYPE = YES_ERROR;
				GCC_WARN_UNDECLARED_SELECTOR = YES;
				GCC_WARN_UNINITIALIZED_AUTOS = YES_AGGRESSIVE;
				GCC_WARN_UNUSED_FUNCTION = YES;
				GCC_WARN_UNUSED_VARIABLE = YES;
				IPHONEOS_DEPLOYMENT_TARGET = 8.1;
				MTL_ENABLE_DEBUG_INFO = YES;
				ONLY_ACTIVE_ARCH = YES;
				SDKROOT = iphoneos;
				SWIFT_OPTIMIZATION_LEVEL = "-Onone";
				TARGETED_DEVICE_FAMILY = "1,2";
			};
			name = Debug;
		};
		618D29181AB8CCE0002F74CD /* Release */ = {
			isa = XCBuildConfiguration;
			buildSettings = {
				ALWAYS_SEARCH_USER_PATHS = NO;
				CLANG_CXX_LANGUAGE_STANDARD = "gnu++0x";
				CLANG_CXX_LIBRARY = "libc++";
				CLANG_ENABLE_MODULES = YES;
				CLANG_ENABLE_OBJC_ARC = YES;
				CLANG_WARN_BOOL_CONVERSION = YES;
				CLANG_WARN_CONSTANT_CONVERSION = YES;
				CLANG_WARN_DIRECT_OBJC_ISA_USAGE = YES_ERROR;
				CLANG_WARN_EMPTY_BODY = YES;
				CLANG_WARN_ENUM_CONVERSION = YES;
				CLANG_WARN_INT_CONVERSION = YES;
				CLANG_WARN_OBJC_ROOT_CLASS = YES_ERROR;
				CLANG_WARN_UNREACHABLE_CODE = YES;
				CLANG_WARN__DUPLICATE_METHOD_MATCH = YES;
				"CODE_SIGN_IDENTITY[sdk=iphoneos*]" = "iPhone Developer";
				COPY_PHASE_STRIP = YES;
				ENABLE_NS_ASSERTIONS = NO;
				ENABLE_STRICT_OBJC_MSGSEND = YES;
				GCC_C_LANGUAGE_STANDARD = gnu99;
				GCC_WARN_64_TO_32_BIT_CONVERSION = YES;
				GCC_WARN_ABOUT_RETURN_TYPE = YES_ERROR;
				GCC_WARN_UNDECLARED_SELECTOR = YES;
				GCC_WARN_UNINITIALIZED_AUTOS = YES_AGGRESSIVE;
				GCC_WARN_UNUSED_FUNCTION = YES;
				GCC_WARN_UNUSED_VARIABLE = YES;
				IPHONEOS_DEPLOYMENT_TARGET = 8.1;
				MTL_ENABLE_DEBUG_INFO = NO;
				SDKROOT = iphoneos;
				TARGETED_DEVICE_FAMILY = "1,2";
				VALIDATE_PRODUCT = YES;
			};
			name = Release;
		};
		618D291A1AB8CCE0002F74CD /* Debug */ = {
			isa = XCBuildConfiguration;
			buildSettings = {
				ASSETCATALOG_COMPILER_APPICON_NAME = AppIcon;
				INFOPLIST_FILE = DropDownTableView/Info.plist;
				IPHONEOS_DEPLOYMENT_TARGET = 8.1;
				LD_RUNPATH_SEARCH_PATHS = "$(inherited) @executable_path/Frameworks";
				PRODUCT_NAME = "$(TARGET_NAME)";
			};
			name = Debug;
		};
		618D291B1AB8CCE0002F74CD /* Release */ = {
			isa = XCBuildConfiguration;
			buildSettings = {
				ASSETCATALOG_COMPILER_APPICON_NAME = AppIcon;
				INFOPLIST_FILE = DropDownTableView/Info.plist;
				IPHONEOS_DEPLOYMENT_TARGET = 8.1;
				LD_RUNPATH_SEARCH_PATHS = "$(inherited) @executable_path/Frameworks";
				PRODUCT_NAME = "$(TARGET_NAME)";
			};
			name = Release;
		};
		618D291D1AB8CCE0002F74CD /* Debug */ = {
			isa = XCBuildConfiguration;
			buildSettings = {
				BUNDLE_LOADER = "$(TEST_HOST)";
				FRAMEWORK_SEARCH_PATHS = (
					"$(SDKROOT)/Developer/Library/Frameworks",
					"$(inherited)",
				);
				GCC_PREPROCESSOR_DEFINITIONS = (
					"DEBUG=1",
					"$(inherited)",
				);
				INFOPLIST_FILE = DropDownTableViewTests/Info.plist;
				LD_RUNPATH_SEARCH_PATHS = "$(inherited) @executable_path/Frameworks @loader_path/Frameworks";
				PRODUCT_NAME = "$(TARGET_NAME)";
				TEST_HOST = "$(BUILT_PRODUCTS_DIR)/DropDownTableView.app/DropDownTableView";
			};
			name = Debug;
		};
		618D291E1AB8CCE0002F74CD /* Release */ = {
			isa = XCBuildConfiguration;
			buildSettings = {
				BUNDLE_LOADER = "$(TEST_HOST)";
				FRAMEWORK_SEARCH_PATHS = (
					"$(SDKROOT)/Developer/Library/Frameworks",
					"$(inherited)",
				);
				INFOPLIST_FILE = DropDownTableViewTests/Info.plist;
				LD_RUNPATH_SEARCH_PATHS = "$(inherited) @executable_path/Frameworks @loader_path/Frameworks";
				PRODUCT_NAME = "$(TARGET_NAME)";
				TEST_HOST = "$(BUILT_PRODUCTS_DIR)/DropDownTableView.app/DropDownTableView";
			};
			name = Release;
		};
/* End XCBuildConfiguration section */

/* Begin XCConfigurationList section */
		618D28F51AB8CCE0002F74CD /* Build configuration list for PBXProject "DropDownTableView" */ = {
			isa = XCConfigurationList;
			buildConfigurations = (
				618D29171AB8CCE0002F74CD /* Debug */,
				618D29181AB8CCE0002F74CD /* Release */,
			);
			defaultConfigurationIsVisible = 0;
			defaultConfigurationName = Release;
		};
		618D29191AB8CCE0002F74CD /* Build configuration list for PBXNativeTarget "DropDownTableView" */ = {
			isa = XCConfigurationList;
			buildConfigurations = (
				618D291A1AB8CCE0002F74CD /* Debug */,
				618D291B1AB8CCE0002F74CD /* Release */,
			);
			defaultConfigurationIsVisible = 0;
			defaultConfigurationName = Release;
		};
		618D291C1AB8CCE0002F74CD /* Build configuration list for PBXNativeTarget "DropDownTableViewTests" */ = {
			isa = XCConfigurationList;
			buildConfigurations = (
				618D291D1AB8CCE0002F74CD /* Debug */,
				618D291E1AB8CCE0002F74CD /* Release */,
			);
			defaultConfigurationIsVisible = 0;
			defaultConfigurationName = Release;
		};
/* End XCConfigurationList section */
	};
	rootObject = 618D28F21AB8CCE0002F74CD /* Project object */;
}
